
Microsoft Visual Studio Solution File, Format Version 12.00
# Visual Studio Version 17
VisualStudioVersion = 17.14.36518.9 d17.14
MinimumVisualStudioVersion = 10.0.40219.1
Project("{FAE04EC0-301F-11D3-BF4B-00C04F79EFBC}") = "MergeSort", "MergeSort\MergeSort.csproj", "{672E0CD4-3CE3-49E4-87B6-3DEFD90B4F50}"
EndProject
Global
	GlobalSection(SolutionConfigurationPlatforms) = preSolution
		Debug|Any CPU = Debug|Any CPU
		Release|Any CPU = Release|Any CPU
	EndGlobalSection
	GlobalSection(ProjectConfigurationPlatforms) = postSolution
		{672E0CD4-3CE3-49E4-87B6-3DEFD90B4F50}.Debug|Any CPU.ActiveCfg = Debug|Any CPU
		{672E0CD4-3CE3-49E4-87B6-3DEFD90B4F50}.Debug|Any CPU.Build.0 = Debug|Any CPU
		{672E0CD4-3CE3-49E4-87B6-3DEFD90B4F50}.Release|Any CPU.ActiveCfg = Release|Any CPU
		{672E0CD4-3CE3-49E4-87B6-3DEFD90B4F50}.Release|Any CPU.Build.0 = Release|Any CPU
	EndGlobalSection
	GlobalSection(SolutionProperties) = preSolution
		HideSolutionNode = FALSE
	EndGlobalSection
	GlobalSection(ExtensibilityGlobals) = postSolution
		SolutionGuid = {588F2B49-5278-479D-BCAC-59135EFC2E1C}
	EndGlobalSection
EndGlobal
