
Microsoft Visual Studio Solution File, Format Version 12.00
# Visual Studio Version 17
VisualStudioVersion = 17.14.36518.9 d17.14
MinimumVisualStudioVersion = 10.0.40219.1
Project("{FAE04EC0-301F-11D3-BF4B-00C04F79EFBC}") = "BusquedaSecuencial", "BusquedaSecuencial\BusquedaSecuencial.csproj", "{2A372EC5-97D1-463B-8083-A09AC530EF44}"
EndProject
Global
	GlobalSection(SolutionConfigurationPlatforms) = preSolution
		Debug|Any CPU = Debug|Any CPU
		Release|Any CPU = Release|Any CPU
	EndGlobalSection
	GlobalSection(ProjectConfigurationPlatforms) = postSolution
		{2A372EC5-97D1-463B-8083-A09AC530EF44}.Debug|Any CPU.ActiveCfg = Debug|Any CPU
		{2A372EC5-97D1-463B-8083-A09AC530EF44}.Debug|Any CPU.Build.0 = Debug|Any CPU
		{2A372EC5-97D1-463B-8083-A09AC530EF44}.Release|Any CPU.ActiveCfg = Release|Any CPU
		{2A372EC5-97D1-463B-8083-A09AC530EF44}.Release|Any CPU.Build.0 = Release|Any CPU
	EndGlobalSection
	GlobalSection(SolutionProperties) = preSolution
		HideSolutionNode = FALSE
	EndGlobalSection
	GlobalSection(ExtensibilityGlobals) = postSolution
		SolutionGuid = {5B625A70-A34A-4B86-804F-10FE183E2580}
	EndGlobalSection
EndGlobal
