
Microsoft Visual Studio Solution File, Format Version 12.00
# Visual Studio Version 17
VisualStudioVersion = 17.14.36518.9 d17.14
MinimumVisualStudioVersion = 10.0.40219.1
Project("{FAE04EC0-301F-11D3-BF4B-00C04F79EFBC}") = "Ejercicio2", "Ejercicio2\Ejercicio2.csproj", "{09F7BF33-4024-4AAA-973D-12CD3F4D1CFD}"
EndProject
Global
	GlobalSection(SolutionConfigurationPlatforms) = preSolution
		Debug|Any CPU = Debug|Any CPU
		Release|Any CPU = Release|Any CPU
	EndGlobalSection
	GlobalSection(ProjectConfigurationPlatforms) = postSolution
		{09F7BF33-4024-4AAA-973D-12CD3F4D1CFD}.Debug|Any CPU.ActiveCfg = Debug|Any CPU
		{09F7BF33-4024-4AAA-973D-12CD3F4D1CFD}.Debug|Any CPU.Build.0 = Debug|Any CPU
		{09F7BF33-4024-4AAA-973D-12CD3F4D1CFD}.Release|Any CPU.ActiveCfg = Release|Any CPU
		{09F7BF33-4024-4AAA-973D-12CD3F4D1CFD}.Release|Any CPU.Build.0 = Release|Any CPU
	EndGlobalSection
	GlobalSection(SolutionProperties) = preSolution
		HideSolutionNode = FALSE
	EndGlobalSection
	GlobalSection(ExtensibilityGlobals) = postSolution
		SolutionGuid = {031FEDC9-85FD-49CF-9872-03717A7546AF}
	EndGlobalSection
EndGlobal
